<?xml version="1.0" encoding="utf-8"?>
<Project xmlns="http://schemas.microsoft.com/developer/msbuild/2003">
  <ItemGroup>
    <Filter Include="Generated Files">
      <UniqueIdentifier>{71ED8ED8-ACB9-4CE9-BBE1-E00B30144E11}</UniqueIdentifier>
      <Extensions>cpp;c;cxx;moc;h;def;odl;idl;res;</Extensions>
    </Filter>
    <Filter Include="Generated Files">
      <UniqueIdentifier>{71ED8ED8-ACB9-4CE9-BBE1-E00B30144E11}</UniqueIdentifier>
      <Extensions>cpp;c;cxx;moc;h;def;odl;idl;res;</Extensions>
    </Filter>
    <Filter Include="Header Files">
      <UniqueIdentifier>{93995380-89BD-4b04-88EB-625FBE52EBFB}</UniqueIdentifier>
      <Extensions>h;hpp;hxx;hm;inl;inc;xsd</Extensions>
    </Filter>
    <Filter Include="Header Files">
      <UniqueIdentifier>{93995380-89BD-4b04-88EB-625FBE52EBFB}</UniqueIdentifier>
      <Extensions>h;hpp;hxx;hm;inl;inc;xsd</Extensions>
    </Filter>
    <Filter Include="Source Files">
      <UniqueIdentifier>{4FC737F1-C7A5-4376-A066-2A32D752A2FF}</UniqueIdentifier>
      <Extensions>cpp;c;cxx;def;odl;idl;hpj;bat;asm;asmx</Extensions>
    </Filter>
    <Filter Include="Source Files">
      <UniqueIdentifier>{4FC737F1-C7A5-4376-A066-2A32D752A2FF}</UniqueIdentifier>
      <Extensions>cpp;c;cxx;def;odl;idl;hpj;bat;asm;asmx</Extensions>
    </Filter>
  </ItemGroup>
  <ItemGroup>
    <ClCompile Include="src\IUTfits.cpp">
      <Filter>Source Files</Filter>
    </ClCompile>
    <ClCompile Include="src\GUI\Window.cpp">
      <Filter>Source Files</Filter>
    </ClCompile>
    <ClCompile Include="src\main.cpp">
      <Filter>Source Files</Filter>
    </ClCompile>
    <ClCompile Include="src\GUI\InputWidget.cpp">
      <Filter>Generated Files</Filter>
    </ClCompile>
    <ClCompile Include="src\GUI\FileDialogWidget.cpp">
      <Filter>Generated Files</Filter>
    </ClCompile>
    <ClCompile Include="src\GUI\ProcessWidget.cpp">
      <Filter>Generated Files</Filter>
    </ClCompile>
  </ItemGroup>
  <ItemGroup>
    <ClInclude Include="include\CCfits\AsciiTable.h">
      <Filter>Header Files</Filter>
    </ClInclude>
    <ClInclude Include="include\CCfits\BinTable.h">
      <Filter>Header Files</Filter>
    </ClInclude>
    <ClInclude Include="include\CCfits\CCfits">
      <Filter>Header Files</Filter>
    </ClInclude>
    <ClInclude Include="include\CCfits\CCfits.h">
      <Filter>Header Files</Filter>
    </ClInclude>
    <ClInclude Include="include\CCfits\Column.h">
      <Filter>Header Files</Filter>
    </ClInclude>
    <ClInclude Include="include\CCfits\ColumnCreator.h">
      <Filter>Header Files</Filter>
    </ClInclude>
    <ClInclude Include="include\CCfits\ColumnData.h">
      <Filter>Header Files</Filter>
    </ClInclude>
    <ClInclude Include="include\CCfits\ColumnT.h">
      <Filter>Header Files</Filter>
    </ClInclude>
    <ClInclude Include="include\CCfits\ColumnVectorData.h">
      <Filter>Header Files</Filter>
    </ClInclude>
    <ClInclude Include="include\CCfits\ExtHDU.h">
      <Filter>Header Files</Filter>
    </ClInclude>
    <ClInclude Include="include\CCfits\ExtHDUT.h">
      <Filter>Header Files</Filter>
    </ClInclude>
    <ClInclude Include="include\CCfits\FITS.h">
      <Filter>Header Files</Filter>
    </ClInclude>
    <ClInclude Include="include\CCfits\FITSUtil.h">
      <Filter>Header Files</Filter>
    </ClInclude>
    <ClInclude Include="include\CCfits\FITSUtilT.h">
      <Filter>Header Files</Filter>
    </ClInclude>
    <ClInclude Include="include\CCfits\FitsError.h">
      <Filter>Header Files</Filter>
    </ClInclude>
    <ClInclude Include="include\CCfits\GroupTable.h">
      <Filter>Header Files</Filter>
    </ClInclude>
    <ClInclude Include="include\CCfits\HDU.h">
      <Filter>Header Files</Filter>
    </ClInclude>
    <ClInclude Include="include\CCfits\HDUCreator.h">
      <Filter>Header Files</Filter>
    </ClInclude>
    <ClInclude Include="include\CCfits\Image.h">
      <Filter>Header Files</Filter>
    </ClInclude>
    <ClInclude Include="include\CCfits\ImageExt.h">
      <Filter>Header Files</Filter>
    </ClInclude>
    <ClInclude Include="include\IUTfits.hpp">
      <Filter>Header Files</Filter>
    </ClInclude>
    <ClInclude Include="include\CCfits\KeyData.h">
      <Filter>Header Files</Filter>
    </ClInclude>
    <ClInclude Include="include\CCfits\Keyword.h">
      <Filter>Header Files</Filter>
    </ClInclude>
    <ClInclude Include="include\CCfits\KeywordCreator.h">
      <Filter>Header Files</Filter>
    </ClInclude>
    <ClInclude Include="include\CCfits\KeywordT.h">
      <Filter>Header Files</Filter>
    </ClInclude>
    <ClInclude Include="include\CCfits\MSconfig.h">
      <Filter>Header Files</Filter>
    </ClInclude>
    <ClInclude Include="include\CCfits\NewKeyword.h">
      <Filter>Header Files</Filter>
    </ClInclude>
    <ClInclude Include="include\CCfits\PHDU.h">
      <Filter>Header Files</Filter>
    </ClInclude>
    <ClInclude Include="include\CCfits\PHDUT.h">
      <Filter>Header Files</Filter>
    </ClInclude>
    <ClInclude Include="include\CCfits\PrimaryHDU.h">
      <Filter>Header Files</Filter>
    </ClInclude>
    <ClInclude Include="include\CCfits\Table.h">
      <Filter>Header Files</Filter>
    </ClInclude>
    <QtMoc Include="include\GUI\Window.hpp">
      <Filter>Header Files</Filter>
    </QtMoc>
    <ClInclude Include="include\CCfits\fitsio.h">
      <Filter>Header Files</Filter>
    </ClInclude>
    <ClInclude Include="include\CCfits\fitsio2.h">
      <Filter>Header Files</Filter>
    </ClInclude>
    <ClInclude Include="include\CCfits\longnam.h">
      <Filter>Header Files</Filter>
    </ClInclude>
  </ItemGroup>
  <ItemGroup>
    <CustomBuild Include="build\intermediate\debug\moc_predefs.h.cbt">
      <Filter>Generated Files</Filter>
    </CustomBuild>
    <CustomBuild Include="build\intermediate\release\moc_predefs.h.cbt">
      <Filter>Generated Files</Filter>
    </CustomBuild>
  </ItemGroup>
  <ItemGroup>
    <QtMoc Include="include\GUI\InputWidget.hpp">
      <Filter>Header Files</Filter>
    </QtMoc>
    <QtMoc Include="include\GUI\FileDialogWidget.hpp">
      <Filter>Header Files</Filter>
    </QtMoc>
    <QtMoc Include="include\GUI\ProcessWidget.hpp">
      <Filter>Header Files</Filter>
    </QtMoc>
  </ItemGroup>
</Project>